
Microsoft Visual Studio Solution File, Format Version 12.00
# Visual Studio 14
VisualStudioVersion = 14.0.23107.0
MinimumVisualStudioVersion = 10.0.40219.1
Project("{FAE04EC0-301F-11D3-BF4B-00C04F79EFBC}") = "WeatherDatabase", "WeatherDatabase\WeatherDatabase.csproj", "{730B54D2-449F-4CDD-959A-F60D9D26B92A}"
EndProject
Project("{FAE04EC0-301F-11D3-BF4B-00C04F79EFBC}") = "WeatherProxy", "WeatherProxy\WeatherProxy.csproj", "{C7D88792-25E6-43FC-8A46-411DD19DA31D}"
	ProjectSection(ProjectDependencies) = postProject
		{FFB7BA90-220F-41CA-97F7-EC91D90D3AC7} = {FFB7BA90-220F-41CA-97F7-EC91D90D3AC7}
	EndProjectSection
EndProject
Project("{FAE04EC0-301F-11D3-BF4B-00C04F79EFBC}") = "WeatherWCF", "WeatherWCF\WeatherWCF.csproj", "{FFB7BA90-220F-41CA-97F7-EC91D90D3AC7}"
EndProject
Project("{FAE04EC0-301F-11D3-BF4B-00C04F79EFBC}") = "TestClient", "Test\TestClient.csproj", "{343DAA29-EE56-4C33-92B5-BD64FAB9F841}"
EndProject
Project("{FAE04EC0-301F-11D3-BF4B-00C04F79EFBC}") = "WCFHost", "WCFHost\WCFHost.csproj", "{E108A839-C372-47D1-BDA1-2E75BCDD430B}"
EndProject
Global
	GlobalSection(SolutionConfigurationPlatforms) = preSolution
		Debug|Any CPU = Debug|Any CPU
		Release|Any CPU = Release|Any CPU
	EndGlobalSection
	GlobalSection(ProjectConfigurationPlatforms) = postSolution
		{730B54D2-449F-4CDD-959A-F60D9D26B92A}.Debug|Any CPU.ActiveCfg = Debug|Any CPU
		{730B54D2-449F-4CDD-959A-F60D9D26B92A}.Debug|Any CPU.Build.0 = Debug|Any CPU
		{730B54D2-449F-4CDD-959A-F60D9D26B92A}.Release|Any CPU.ActiveCfg = Release|Any CPU
		{730B54D2-449F-4CDD-959A-F60D9D26B92A}.Release|Any CPU.Build.0 = Release|Any CPU
		{C7D88792-25E6-43FC-8A46-411DD19DA31D}.Debug|Any CPU.ActiveCfg = Debug|Any CPU
		{C7D88792-25E6-43FC-8A46-411DD19DA31D}.Debug|Any CPU.Build.0 = Debug|Any CPU
		{C7D88792-25E6-43FC-8A46-411DD19DA31D}.Release|Any CPU.ActiveCfg = Release|Any CPU
		{C7D88792-25E6-43FC-8A46-411DD19DA31D}.Release|Any CPU.Build.0 = Release|Any CPU
		{FFB7BA90-220F-41CA-97F7-EC91D90D3AC7}.Debug|Any CPU.ActiveCfg = Debug|Any CPU
		{FFB7BA90-220F-41CA-97F7-EC91D90D3AC7}.Debug|Any CPU.Build.0 = Debug|Any CPU
		{FFB7BA90-220F-41CA-97F7-EC91D90D3AC7}.Release|Any CPU.ActiveCfg = Release|Any CPU
		{FFB7BA90-220F-41CA-97F7-EC91D90D3AC7}.Release|Any CPU.Build.0 = Release|Any CPU
		{343DAA29-EE56-4C33-92B5-BD64FAB9F841}.Debug|Any CPU.ActiveCfg = Debug|Any CPU
		{343DAA29-EE56-4C33-92B5-BD64FAB9F841}.Debug|Any CPU.Build.0 = Debug|Any CPU
		{343DAA29-EE56-4C33-92B5-BD64FAB9F841}.Release|Any CPU.ActiveCfg = Release|Any CPU
		{343DAA29-EE56-4C33-92B5-BD64FAB9F841}.Release|Any CPU.Build.0 = Release|Any CPU
		{E108A839-C372-47D1-BDA1-2E75BCDD430B}.Debug|Any CPU.ActiveCfg = Debug|Any CPU
		{E108A839-C372-47D1-BDA1-2E75BCDD430B}.Debug|Any CPU.Build.0 = Debug|Any CPU
		{E108A839-C372-47D1-BDA1-2E75BCDD430B}.Release|Any CPU.ActiveCfg = Release|Any CPU
		{E108A839-C372-47D1-BDA1-2E75BCDD430B}.Release|Any CPU.Build.0 = Release|Any CPU
	EndGlobalSection
	GlobalSection(SolutionProperties) = preSolution
		HideSolutionNode = FALSE
	EndGlobalSection
EndGlobal
